PODS:
  - AFNetworking (4.0.1):
    - AFNetworking/NSURLSession (= 4.0.1)
    - AFNetworking/Reachability (= 4.0.1)
    - AFNetworking/Security (= 4.0.1)
    - AFNetworking/Serialization (= 4.0.1)
    - AFNetworking/UIKit (= 4.0.1)
  - AFNetworking/NSURLSession (4.0.1):
    - AFNetworking/Reachability
    - AFNetworking/Security
    - AFNetworking/Serialization
  - AFNetworking/Reachability (4.0.1)
  - AFNetworking/Security (4.0.1)
  - AFNetworking/Serialization (4.0.1)
  - AFNetworking/UIKit (4.0.1):
    - AFNetworking/NSURLSession
  - SDWebImage (5.8.0):
    - SDWebImage/Core (= 5.8.0)
  - SDWebImage/Core (5.8.0)

DEPENDENCIES:
  - AFNetworking (~> 4.0)
  - SDWebImage (~> 5.0)

SPEC REPOS:
  https://github.com/CocoaPods/Specs.git:
    - AFNetworking
    - SDWebImage

SPEC CHECKSUMS:
  AFNetworking: 7864c38297c79aaca1500c33288e429c3451fdce
  SDWebImage: 84000f962cbfa70c07f19d2234cbfcf5d779b5dc

PODFILE CHECKSUM: 3b680c61e62a2067cbaf3562356122787c5636af

COCOAPODS: 1.9.2
